<?xml version="1.0" encoding="utf-8"?>
<Project ToolsVersion="4.0" xmlns="http://schemas.microsoft.com/developer/msbuild/2003">
  <ItemGroup>
    <Filter Include="Source Files">
      <UniqueIdentifier>{4FC737F1-C7A5-4376-A066-2A32D752A2FF}</UniqueIdentifier>
      <Extensions>cpp;c;cc;cxx;def;odl;idl;hpj;bat;asm;asmx</Extensions>
    </Filter>
    <Filter Include="Header Files">
      <UniqueIdentifier>{93995380-89BD-4b04-88EB-625FBE52EBFB}</UniqueIdentifier>
      <Extensions>h;hh;hpp;hxx;hm;inl;inc;xsd</Extensions>
    </Filter>
    <Filter Include="Resource Files">
      <UniqueIdentifier>{D9D6E242-F8AF-46E4-B9FD-80ECBC20BA3E}</UniqueIdentifier>
      <Extensions>qrc;*</Extensions>
      <ParseFiles>false</ParseFiles>
    </Filter>
    <Filter Include="Form Files">
      <UniqueIdentifier>{99349809-55BA-4b9d-BF79-8FDBB0286EB3}</UniqueIdentifier>
      <Extensions>ui</Extensions>
    </Filter>
    <Filter Include="Resource Files">
      <UniqueIdentifier>{D9D6E242-F8AF-46E4-B9FD-80ECBC20BA3E}</UniqueIdentifier>
      <Extensions>qrc;*</Extensions>
      <ParseFiles>false</ParseFiles>
    </Filter>
    <Filter Include="script">
      <UniqueIdentifier>{be8353a5-113e-4d4a-b280-b55e60446c24}</UniqueIdentifier>
    </Filter>
    <Filter Include="Interface">
      <UniqueIdentifier>{85fc26f0-9a47-4c43-b849-767cf9379da0}</UniqueIdentifier>
    </Filter>
    <Filter Include="ThirdPart">
      <UniqueIdentifier>{b1dd16b8-e303-45cd-a363-6e22fbafd152}</UniqueIdentifier>
    </Filter>
  </ItemGroup>
  <ItemGroup>
    <ClCompile Include="main.cpp">
      <Filter>Source Files</Filter>
    </ClCompile>
    <ClCompile Include="PPPCS_ClientUI.cpp">
      <Filter>Source Files</Filter>
    </ClCompile>
    <ClCompile Include="BaseWidget.cpp">
      <Filter>Source Files</Filter>
    </ClCompile>
    <ClCompile Include="MainFrame.cpp">
      <Filter>Source Files</Filter>
    </ClCompile>
    <ClCompile Include="CmdBar.cpp">
      <Filter>Source Files</Filter>
    </ClCompile>
    <ClCompile Include="LogManager.cpp">
      <Filter>Source Files</Filter>
    </ClCompile>
    <ClCompile Include="utils.cpp">
      <Filter>Source Files</Filter>
    </ClCompile>
    <ClCompile Include="BaseDialog.cpp">
      <Filter>Source Files</Filter>
    </ClCompile>
    <ClCompile Include="PreviewWnd.cpp">
      <Filter>Source Files</Filter>
    </ClCompile>
    <ClCompile Include="PreviewPanel.cpp">
      <Filter>Source Files</Filter>
    </ClCompile>
    <ClCompile Include="MovelabelWidget.cpp">
      <Filter>Source Files</Filter>
    </ClCompile>
    <ClCompile Include="QtWidgetsClass.cpp">
      <Filter>Source Files</Filter>
    </ClCompile>
    <ClCompile Include="MainViewWidget.cpp">
      <Filter>Source Files</Filter>
    </ClCompile>
    <ClCompile Include="BarWidget.cpp">
      <Filter>Source Files</Filter>
    </ClCompile>
    <ClCompile Include="PreviewRealWnd.cpp">
      <Filter>Source Files</Filter>
    </ClCompile>
    <ClCompile Include="OpenGLDrawWnd.cpp">
      <Filter>Source Files</Filter>
    </ClCompile>
    <ClCompile Include="DevTreeWnd.cpp">
      <Filter>Source Files</Filter>
    </ClCompile>
    <ClCompile Include="StroageManager.cpp">
      <Filter>Source Files</Filter>
    </ClCompile>
    <ClCompile Include="ConfigWidget.cpp">
      <Filter>Source Files</Filter>
    </ClCompile>
    <ClCompile Include="IPCNetServer.cpp">
      <Filter>Source Files</Filter>
    </ClCompile>
    <ClCompile Include="ServiceEngine.cpp">
      <Filter>Source Files</Filter>
    </ClCompile>
    <ClCompile Include="HintServer.cpp">
      <Filter>Source Files</Filter>
    </ClCompile>
    <ClCompile Include="DataStruct.cpp">
      <Filter>Source Files</Filter>
    </ClCompile>
    <ClCompile Include="ServerCallBackEngine.cpp">
      <Filter>Source Files</Filter>
    </ClCompile>
    <ClCompile Include="Tasks.cpp">
      <Filter>Source Files</Filter>
    </ClCompile>
    <ClCompile Include="Dependencies\src\cJSON.c">
      <Filter>ThirdPart</Filter>
    </ClCompile>
    <ClCompile Include="Dependencies\src\JSONObject.cpp">
      <Filter>ThirdPart</Filter>
    </ClCompile>
    <ClCompile Include="DrawWnd.cpp">
      <Filter>Source Files</Filter>
    </ClCompile>
    <ClCompile Include="YUV420P_Render.cpp">
      <Filter>Source Files</Filter>
    </ClCompile>
    <ClCompile Include="MessageBoxWnd.cpp">
      <Filter>Source Files</Filter>
    </ClCompile>
    <ClCompile Include="HTTPSupport.cpp">
      <Filter>Source Files</Filter>
    </ClCompile>
    <ClCompile Include="ChannelCtrlWidget.cpp">
      <Filter>Source Files</Filter>
    </ClCompile>
    <ClCompile Include="PtzCtrlWnd.cpp">
      <Filter>Source Files</Filter>
    </ClCompile>
    <ClCompile Include="PTZCtrl.cpp">
      <Filter>Source Files</Filter>
    </ClCompile>
    <ClCompile Include="ParamWnd.cpp">
      <Filter>Source Files</Filter>
    </ClCompile>
    <ClCompile Include="DecodeWnd.cpp">
      <Filter>Source Files</Filter>
    </ClCompile>
    <ClCompile Include="ConfigCenter.cpp">
      <Filter>Source Files</Filter>
    </ClCompile>
    <ClCompile Include="ConfigDlg.cpp">
      <Filter>Source Files</Filter>
    </ClCompile>
    <ClCompile Include="ConfigBaseInfoWnd.cpp">
      <Filter>Source Files</Filter>
    </ClCompile>
    <ClCompile Include="ContainerWnd.cpp">
      <Filter>Source Files</Filter>
    </ClCompile>
    <ClCompile Include="ConfigWifi.cpp">
      <Filter>Source Files</Filter>
    </ClCompile>
    <ClCompile Include="ConfigHotSpot.cpp">
      <Filter>Source Files</Filter>
    </ClCompile>
    <ClCompile Include="ConfigNetWork.cpp">
      <Filter>Source Files</Filter>
    </ClCompile>
    <ClCompile Include="ConfigChangePwd.cpp">
      <Filter>Source Files</Filter>
    </ClCompile>
    <ClCompile Include="ConfigWifiWidget.cpp">
      <Filter>Source Files</Filter>
    </ClCompile>
    <ClCompile Include="ConfigWifiConfirm.cpp">
      <Filter>Source Files</Filter>
    </ClCompile>
    <ClCompile Include="ConfigWifiList.cpp">
      <Filter>Source Files</Filter>
    </ClCompile>
  </ItemGroup>
  <ItemGroup>
    <QtMoc Include="PPPCS_ClientUI.h">
      <Filter>Header Files</Filter>
    </QtMoc>
    <QtMoc Include="BaseWidget.h">
      <Filter>Header Files</Filter>
    </QtMoc>
    <QtMoc Include="CmdBar.h">
      <Filter>Header Files</Filter>
    </QtMoc>
    <QtMoc Include="MainFrame.h">
      <Filter>Header Files</Filter>
    </QtMoc>
    <QtMoc Include="BaseDialog.h">
      <Filter>Header Files</Filter>
    </QtMoc>
    <QtMoc Include="PreviewPanel.h">
      <Filter>Header Files</Filter>
    </QtMoc>
    <QtMoc Include="QtWidgetsClass.h">
      <Filter>Header Files</Filter>
    </QtMoc>
    <QtMoc Include="MainViewWidget.h">
      <Filter>Header Files</Filter>
    </QtMoc>
    <QtMoc Include="PreviewRealWnd.h">
      <Filter>Header Files</Filter>
    </QtMoc>
    <QtMoc Include="DevTreeWnd.h">
      <Filter>Header Files</Filter>
    </QtMoc>
    <QtMoc Include="ConfigWidget.h">
      <Filter>Header Files</Filter>
    </QtMoc>
    <QtMoc Include="DrawWnd.h">
      <Filter>Header Files</Filter>
    </QtMoc>
    <QtMoc Include="MessageBoxWnd.h">
      <Filter>Header Files</Filter>
    </QtMoc>
    <QtMoc Include="ChannelCtrlWidget.h">
      <Filter>Header Files</Filter>
    </QtMoc>
    <QtMoc Include="PtzCtrlWnd.h">
      <Filter>Header Files</Filter>
    </QtMoc>
    <QtMoc Include="PTZCtrl.h">
      <Filter>Header Files</Filter>
    </QtMoc>
    <QtMoc Include="ParamWnd.h">
      <Filter>Header Files</Filter>
    </QtMoc>
    <QtMoc Include="DecodeWnd.h">
      <Filter>Header Files</Filter>
    </QtMoc>
    <QtMoc Include="ConfigCenter.h">
      <Filter>Header Files</Filter>
    </QtMoc>
    <QtMoc Include="ConfigDlg.h">
      <Filter>Header Files</Filter>
    </QtMoc>
    <QtMoc Include="ConfigBaseInfoWnd.h">
      <Filter>Header Files</Filter>
    </QtMoc>
    <QtMoc Include="ConfigWifi.h">
      <Filter>Header Files</Filter>
    </QtMoc>
    <QtMoc Include="ConfigHotSpot.h">
      <Filter>Header Files</Filter>
    </QtMoc>
    <QtMoc Include="ConfigNetWork.h">
      <Filter>Header Files</Filter>
    </QtMoc>
    <QtMoc Include="ConfigChangePwd.h">
      <Filter>Header Files</Filter>
    </QtMoc>
    <QtMoc Include="ConfigWifiWidget.h">
      <Filter>Header Files</Filter>
    </QtMoc>
    <QtMoc Include="ConfigWifiConfirm.h">
      <Filter>Header Files</Filter>
    </QtMoc>
    <QtMoc Include="ConfigWifiList.h">
      <Filter>Header Files</Filter>
    </QtMoc>
  </ItemGroup>
  <ItemGroup>
    <QtUic Include="PPPCS_ClientUI.ui">
      <Filter>Form Files</Filter>
    </QtUic>
    <QtUic Include="PreviewPanel.ui">
      <Filter>Form Files</Filter>
    </QtUic>
    <QtUic Include="QtWidgetsClass.ui">
      <Filter>Form Files</Filter>
    </QtUic>
    <QtUic Include="MainViewWidget.ui">
      <Filter>Form Files</Filter>
    </QtUic>
    <QtUic Include="PreviewRealWnd.ui">
      <Filter>Form Files</Filter>
    </QtUic>
    <QtUic Include="DevTreeWnd.ui">
      <Filter>Form Files</Filter>
    </QtUic>
    <QtUic Include="MessageBoxWnd.ui">
      <Filter>Form Files</Filter>
    </QtUic>
    <QtUic Include="PtzCtrlWnd.ui">
      <Filter>Form Files</Filter>
    </QtUic>
    <QtUic Include="PTZCtrl.ui">
      <Filter>Form Files</Filter>
    </QtUic>
    <QtUic Include="ParamWnd.ui">
      <Filter>Form Files</Filter>
    </QtUic>
    <QtUic Include="DecodeWnd.ui">
      <Filter>Form Files</Filter>
    </QtUic>
    <QtUic Include="ConfigBaseInfoWnd.ui">
      <Filter>Form Files</Filter>
    </QtUic>
    <QtUic Include="ConfigHotSpot.ui">
      <Filter>Form Files</Filter>
    </QtUic>
    <QtUic Include="ConfigNetWork.ui">
      <Filter>Form Files</Filter>
    </QtUic>
    <QtUic Include="ConfigChangePwd.ui">
      <Filter>Form Files</Filter>
    </QtUic>
    <QtUic Include="ConfigWifiWidget.ui">
      <Filter>Form Files</Filter>
    </QtUic>
    <QtUic Include="ConfigWifiConfirm.ui">
      <Filter>Form Files</Filter>
    </QtUic>
    <QtUic Include="ConfigWifiList.ui">
      <Filter>Form Files</Filter>
    </QtUic>
  </ItemGroup>
  <ItemGroup>
    <QtRcc Include="PPPCS_ClientUI.qrc">
      <Filter>Resource Files</Filter>
    </QtRcc>
  </ItemGroup>
  <ItemGroup>
    <ClInclude Include="QtDefine.h">
      <Filter>Header Files</Filter>
    </ClInclude>
    <ClInclude Include="LogManager.h">
      <Filter>Header Files</Filter>
    </ClInclude>
    <ClInclude Include="Interface\ILogger.h">
      <Filter>Interface</Filter>
    </ClInclude>
    <ClInclude Include="utils.h">
      <Filter>Header Files</Filter>
    </ClInclude>
    <ClInclude Include="PreviewWnd.h">
      <Filter>Header Files</Filter>
    </ClInclude>
    <ClInclude Include="MovelabelWidget.h">
      <Filter>Header Files</Filter>
    </ClInclude>
    <ClInclude Include="AreableWidget.h">
      <Filter>Header Files</Filter>
    </ClInclude>
    <ClInclude Include="Interface\IWindowsDataCallBack.h">
      <Filter>Interface</Filter>
    </ClInclude>
    <ClInclude Include="BarWidget.h">
      <Filter>Header Files</Filter>
    </ClInclude>
    <ClInclude Include="Interface\IBarWidgetCallBack.h">
      <Filter>Interface</Filter>
    </ClInclude>
    <ClInclude Include="OpenGLDrawWnd.h">
      <Filter>Header Files</Filter>
    </ClInclude>
    <ClInclude Include="StroageManager.h">
      <Filter>Header Files</Filter>
    </ClInclude>
    <ClInclude Include="Interface\IStroage.h">
      <Filter>Interface</Filter>
    </ClInclude>
    <ClInclude Include="IPCNetServer.h">
      <Filter>Header Files</Filter>
    </ClInclude>
    <ClInclude Include="Interface\IServer.h">
      <Filter>Interface</Filter>
    </ClInclude>
    <ClInclude Include="Interface\Service.hpp">
      <Filter>Interface</Filter>
    </ClInclude>
    <ClInclude Include="ServiceEngine.h">
      <Filter>Header Files</Filter>
    </ClInclude>
    <ClInclude Include="HintServer.h">
      <Filter>Header Files</Filter>
    </ClInclude>
    <ClInclude Include="DataStruct.h">
      <Filter>Header Files</Filter>
    </ClInclude>
    <ClInclude Include="ServerCallBackEngine.h">
      <Filter>Header Files</Filter>
    </ClInclude>
    <ClInclude Include="Tasks.h">
      <Filter>Header Files</Filter>
    </ClInclude>
    <ClInclude Include="YUV420P_Render.h">
      <Filter>Header Files</Filter>
    </ClInclude>
    <ClInclude Include="IHttpSupport.h">
      <Filter>Header Files</Filter>
    </ClInclude>
    <ClInclude Include="HTTPSupport.h">
      <Filter>Header Files</Filter>
    </ClInclude>
    <ClInclude Include="ContainerWnd.h">
      <Filter>Header Files</Filter>
    </ClInclude>
  </ItemGroup>
  <ItemGroup>
    <None Include="style_blk.qss">
      <Filter>script</Filter>
    </None>
  </ItemGroup>
</Project>